{
  "nodes": {
    "naersk": {
      "inputs": {
        "nixpkgs": [
          "nixpkgs"
        ]
      },
      "locked": {
        "lastModified": 1713520724,
        "narHash": "sha256-CO8MmVDmqZX2FovL75pu5BvwhW+Vugc7Q6ze7Hj8heI=",
        "owner": "nmattia",
        "repo": "naersk",
        "rev": "c5037590290c6c7dae2e42e7da1e247e54ed2d49",
        "type": "github"
      },
      "original": {
        "owner": "nmattia",
        "repo": "naersk",
        "type": "github"
      }
    },
    "nixpkgs": {
      "locked": {
        "lastModified": 1714314149,
        "narHash": "sha256-yNAevSKF4krRWacmLUsLK7D7PlfuY3zF0lYnGYNi9vQ=",
        "owner": "NixOS",
        "repo": "nixpkgs",
        "rev": "cf8cc1201be8bc71b7cbbbdaf349b22f4f99c7ae",
        "type": "github"
      },
      "original": {
        "owner": "NixOS",
        "ref": "nixpkgs-unstable",
        "repo": "nixpkgs",
        "type": "github"
      }
    },
    "root": {
      "inputs": {
        "naersk": "naersk",
        "nixpkgs": "nixpkgs"
      }
    }
  },
  "root": "root",
  "version": 7
}
